
Microsoft Visual Studio Solution File, Format Version 12.00
# Visual Studio Version 17
VisualStudioVersion = 17.1.32228.430
MinimumVisualStudioVersion = 10.0.40219.1
Project("{FAE04EC0-301F-11D3-BF4B-00C04F79EFBC}") = "P520231_YeisonN", "P520231_YeisonN\P520231_YeisonN.csproj", "{DCE6EA00-4E2C-430C-8DFD-222E5525E52E}"
	ProjectSection(ProjectDependencies) = postProject
		{7971A9BD-F088-4517-8EC1-A24A071C01FF} = {7971A9BD-F088-4517-8EC1-A24A071C01FF}
	EndProjectSection
EndProject
Project("{FAE04EC0-301F-11D3-BF4B-00C04F79EFBC}") = "Logica", "Logica\Logica.csproj", "{7971A9BD-F088-4517-8EC1-A24A071C01FF}"
EndProject
Global
	GlobalSection(SolutionConfigurationPlatforms) = preSolution
		Debug|Any CPU = Debug|Any CPU
		Release|Any CPU = Release|Any CPU
	EndGlobalSection
	GlobalSection(ProjectConfigurationPlatforms) = postSolution
		{DCE6EA00-4E2C-430C-8DFD-222E5525E52E}.Debug|Any CPU.ActiveCfg = Debug|Any CPU
		{DCE6EA00-4E2C-430C-8DFD-222E5525E52E}.Debug|Any CPU.Build.0 = Debug|Any CPU
		{DCE6EA00-4E2C-430C-8DFD-222E5525E52E}.Release|Any CPU.ActiveCfg = Release|Any CPU
		{DCE6EA00-4E2C-430C-8DFD-222E5525E52E}.Release|Any CPU.Build.0 = Release|Any CPU
		{7971A9BD-F088-4517-8EC1-A24A071C01FF}.Debug|Any CPU.ActiveCfg = Debug|Any CPU
		{7971A9BD-F088-4517-8EC1-A24A071C01FF}.Debug|Any CPU.Build.0 = Debug|Any CPU
		{7971A9BD-F088-4517-8EC1-A24A071C01FF}.Release|Any CPU.ActiveCfg = Release|Any CPU
		{7971A9BD-F088-4517-8EC1-A24A071C01FF}.Release|Any CPU.Build.0 = Release|Any CPU
	EndGlobalSection
	GlobalSection(SolutionProperties) = preSolution
		HideSolutionNode = FALSE
	EndGlobalSection
	GlobalSection(ExtensibilityGlobals) = postSolution
		SolutionGuid = {5EE4728F-CB02-469C-AC2D-B14AC7A397B8}
	EndGlobalSection
EndGlobal
